
Microsoft Visual Studio Solution File, Format Version 12.00
# Visual Studio Version 16
VisualStudioVersion = 16.0.30204.135
MinimumVisualStudioVersion = 10.0.40219.1
Project("{FAE04EC0-301F-11D3-BF4B-00C04F79EFBC}") = "ASP.NET_MVC_CRUD_WITHOUT_ENTITY_FRAMEWORK", "ASP.NET_MVC_CRUD_WITHOUT_ENTITY_FRAMEWORK\ASP.NET_MVC_CRUD_WITHOUT_ENTITY_FRAMEWORK.csproj", "{FDB35256-6FE0-4C49-A1A2-3A483B58B4CF}"
EndProject
Global
	GlobalSection(SolutionConfigurationPlatforms) = preSolution
		Debug|Any CPU = Debug|Any CPU
		Release|Any CPU = Release|Any CPU
	EndGlobalSection
	GlobalSection(ProjectConfigurationPlatforms) = postSolution
		{FDB35256-6FE0-4C49-A1A2-3A483B58B4CF}.Debug|Any CPU.ActiveCfg = Debug|Any CPU
		{FDB35256-6FE0-4C49-A1A2-3A483B58B4CF}.Debug|Any CPU.Build.0 = Debug|Any CPU
		{FDB35256-6FE0-4C49-A1A2-3A483B58B4CF}.Release|Any CPU.ActiveCfg = Release|Any CPU
		{FDB35256-6FE0-4C49-A1A2-3A483B58B4CF}.Release|Any CPU.Build.0 = Release|Any CPU
	EndGlobalSection
	GlobalSection(SolutionProperties) = preSolution
		HideSolutionNode = FALSE
	EndGlobalSection
	GlobalSection(ExtensibilityGlobals) = postSolution
		SolutionGuid = {1D7E2401-5090-4FE2-A2FD-C8823C1481BC}
	EndGlobalSection
EndGlobal
